<?xml version="1.0" encoding="utf-8"?>
<Project ToolsVersion="4.0" xmlns="http://schemas.microsoft.com/developer/msbuild/2003">
  <ItemGroup>
    <ClCompile Include="Source\Dll.cpp" />
    <ClCompile Include="Source\MainModule.cpp" />
    <ClCompile Include="Source\libs\BWEM\area.cpp">
      <Filter>libs\BWEM</Filter>
    </ClCompile>
    <ClCompile Include="Source\libs\BWEM\base.cpp">
      <Filter>libs\BWEM</Filter>
    </ClCompile>
    <ClCompile Include="Source\libs\BWEM\bwapiExt.cpp">
      <Filter>libs\BWEM</Filter>
    </ClCompile>
    <ClCompile Include="Source\libs\BWEM\bwem.cpp">
      <Filter>libs\BWEM</Filter>
    </ClCompile>
    <ClCompile Include="Source\libs\BWEM\cp.cpp">
      <Filter>libs\BWEM</Filter>
    </ClCompile>
    <ClCompile Include="Source\libs\BWEM\graph.cpp">
      <Filter>libs\BWEM</Filter>
    </ClCompile>
    <ClCompile Include="Source\libs\BWEM\gridMap.cpp">
      <Filter>libs\BWEM</Filter>
    </ClCompile>
    <ClCompile Include="Source\libs\BWEM\map.cpp">
      <Filter>libs\BWEM</Filter>
    </ClCompile>
    <ClCompile Include="Source\libs\BWEM\mapDrawer.cpp">
      <Filter>libs\BWEM</Filter>
    </ClCompile>
    <ClCompile Include="Source\libs\BWEM\mapImpl.cpp">
      <Filter>libs\BWEM</Filter>
    </ClCompile>
    <ClCompile Include="Source\libs\BWEM\mapPrinter.cpp">
      <Filter>libs\BWEM</Filter>
    </ClCompile>
    <ClCompile Include="Source\libs\BWEM\neutral.cpp">
      <Filter>libs\BWEM</Filter>
    </ClCompile>
    <ClCompile Include="Source\libs\BWEM\tiles.cpp">
      <Filter>libs\BWEM</Filter>
    </ClCompile>
    <ClCompile Include="Source\libs\BWEM\utils.cpp">
      <Filter>libs\BWEM</Filter>
    </ClCompile>
    <ClCompile Include="Source\libs\BWEB\Block.cpp">
      <Filter>libs\BWEB</Filter>
    </ClCompile>
    <ClCompile Include="Source\libs\BWEB\BWEB.cpp">
      <Filter>libs\BWEB</Filter>
    </ClCompile>
    <ClCompile Include="Source\libs\BWEB\PathFind.cpp">
      <Filter>libs\BWEB</Filter>
    </ClCompile>
    <ClCompile Include="Source\libs\BWEB\Station.cpp">
      <Filter>libs\BWEB</Filter>
    </ClCompile>
    <ClCompile Include="Source\libs\BWEB\Wall.cpp">
      <Filter>libs\BWEB</Filter>
    </ClCompile>
    <ClCompile Include="source\WorkersModule.cpp" />
    <ClCompile Include="source\Unit.cpp" />
    <ClCompile Include="source\Worker.cpp" />
    <ClCompile Include="source\Expansion.cpp" />
    <ClCompile Include="source\ProductionModule.cpp" />
    <ClCompile Include="source\ArmyModule.cpp" />
    <ClCompile Include="Source\MapModule.cpp" />
    <ClCompile Include="Source\Config.cpp" />
    <ClCompile Include="Source\DebugModule.cpp" />
    <ClCompile Include="Source\Behaviour.cpp" />
    <ClCompile Include="Source\BehaviourWorker.cpp" />
    <ClCompile Include="Source\ProductionItem.cpp" />
    <ClCompile Include="Source\StrategyModule.cpp" />
    <ClCompile Include="Source\Opener.cpp" />
    <ClCompile Include="Source\ScoutModule.cpp" />
    <ClCompile Include="Source\Army.cpp" />
    <ClCompile Include="Source\EnemyStrategy.cpp" />
    <ClCompile Include="Source\OwnStrategy.cpp" />
    <ClCompile Include="Source\Task.cpp" />
    <ClCompile Include="Source\EnemyArmy.cpp" />
    <ClCompile Include="Source\BehaviourMedic.cpp" />
    <ClCompile Include="Source\BehaviourVessel.cpp" />
    <ClCompile Include="Source\BehaviourMarine.cpp" />
  </ItemGroup>
  <ItemGroup>
    <ClInclude Include="Source\MainModule.h" />
    <ClInclude Include="Source\libs\nlohmann\json.hpp">
      <Filter>libs\json</Filter>
    </ClInclude>
    <ClInclude Include="Source\libs\BWEM\area.h">
      <Filter>libs\BWEM</Filter>
    </ClInclude>
    <ClInclude Include="Source\libs\BWEM\base.h">
      <Filter>libs\BWEM</Filter>
    </ClInclude>
    <ClInclude Include="Source\libs\BWEM\bwapiExt.h">
      <Filter>libs\BWEM</Filter>
    </ClInclude>
    <ClInclude Include="Source\libs\BWEM\bwem.h">
      <Filter>libs\BWEM</Filter>
    </ClInclude>
    <ClInclude Include="Source\libs\BWEM\cp.h">
      <Filter>libs\BWEM</Filter>
    </ClInclude>
    <ClInclude Include="Source\libs\BWEM\defs.h">
      <Filter>libs\BWEM</Filter>
    </ClInclude>
    <ClInclude Include="Source\libs\BWEM\graph.h">
      <Filter>libs\BWEM</Filter>
    </ClInclude>
    <ClInclude Include="Source\libs\BWEM\gridMap.h">
      <Filter>libs\BWEM</Filter>
    </ClInclude>
    <ClInclude Include="Source\libs\BWEM\map.h">
      <Filter>libs\BWEM</Filter>
    </ClInclude>
    <ClInclude Include="Source\libs\BWEM\mapDrawer.h">
      <Filter>libs\BWEM</Filter>
    </ClInclude>
    <ClInclude Include="Source\libs\BWEM\mapImpl.h">
      <Filter>libs\BWEM</Filter>
    </ClInclude>
    <ClInclude Include="Source\libs\BWEM\mapPrinter.h">
      <Filter>libs\BWEM</Filter>
    </ClInclude>
    <ClInclude Include="Source\libs\BWEM\neutral.h">
      <Filter>libs\BWEM</Filter>
    </ClInclude>
    <ClInclude Include="Source\libs\BWEM\tiles.h">
      <Filter>libs\BWEM</Filter>
    </ClInclude>
    <ClInclude Include="Source\libs\BWEM\utils.h">
      <Filter>libs\BWEM</Filter>
    </ClInclude>
    <ClInclude Include="Source\libs\Profiler\Profiler.hpp">
      <Filter>libs\Profiler</Filter>
    </ClInclude>
    <ClInclude Include="Source\libs\BWEB\Block.h">
      <Filter>libs\BWEB</Filter>
    </ClInclude>
    <ClInclude Include="Source\libs\BWEB\BWEB.h">
      <Filter>libs\BWEB</Filter>
    </ClInclude>
    <ClInclude Include="Source\libs\BWEB\JPS.h">
      <Filter>libs\BWEB</Filter>
    </ClInclude>
    <ClInclude Include="Source\libs\BWEB\PathFind.h">
      <Filter>libs\BWEB</Filter>
    </ClInclude>
    <ClInclude Include="Source\libs\BWEB\Station.h">
      <Filter>libs\BWEB</Filter>
    </ClInclude>
    <ClInclude Include="Source\libs\BWEB\Wall.h">
      <Filter>libs\BWEB</Filter>
    </ClInclude>
    <ClInclude Include="source\WorkersModule.h" />
    <ClInclude Include="source\Unit.h" />
    <ClInclude Include="source\Worker.h" />
    <ClInclude Include="source\Expansion.h" />
    <ClInclude Include="source\ProductionModule.h" />
    <ClInclude Include="source\ArmyModule.h" />
    <ClInclude Include="Source\MapModule.h" />
    <ClInclude Include="Source\Config.h" />
    <ClInclude Include="Source\DebugModule.h" />
    <ClInclude Include="Source\Behaviour.h" />
    <ClInclude Include="Source\BehaviourWorker.h" />
    <ClInclude Include="Source\ProductionItem.h" />
    <ClInclude Include="Source\StrategyModule.h" />
    <ClInclude Include="Source\Opener.h" />
    <ClInclude Include="Source\ScoutModule.h" />
    <ClInclude Include="Source\Army.h" />
    <ClInclude Include="Source\BaseInfo.h" />
    <ClInclude Include="Source\EnemyStrategy.h" />
    <ClInclude Include="Source\OwnStrategy.h" />
    <ClInclude Include="Source\Task.h" />
    <ClInclude Include="Source\EnemyArmy.h" />
    <ClInclude Include="Source\BehaviourMedic.h" />
    <ClInclude Include="Source\BehaviourVessel.h" />
    <ClInclude Include="Source\BehaviourMarine.h" />
  </ItemGroup>
  <ItemGroup>
    <Filter Include="libs">
      <UniqueIdentifier>{240011a5-09fe-4c4f-b0aa-7d9e4414d3a2}</UniqueIdentifier>
    </Filter>
    <Filter Include="libs\json">
      <UniqueIdentifier>{0db39c09-6dae-4458-92bc-00726b76b447}</UniqueIdentifier>
    </Filter>
    <Filter Include="libs\BWEM">
      <UniqueIdentifier>{2af87ec5-4445-447c-83c8-13dca6877bd9}</UniqueIdentifier>
    </Filter>
    <Filter Include="libs\Profiler">
      <UniqueIdentifier>{fa2cdb7e-c37b-42de-9eba-102ad63861a2}</UniqueIdentifier>
    </Filter>
    <Filter Include="libs\BWEB">
      <UniqueIdentifier>{9abceec3-4864-4c80-ab5f-0d66ce2e05ea}</UniqueIdentifier>
    </Filter>
    <Filter Include="config">
      <UniqueIdentifier>{6772294d-7fd2-4388-8725-c693aebf283c}</UniqueIdentifier>
    </Filter>
  </ItemGroup>
  <ItemGroup>
    <None Include="..\Starcraft\bwapi-data\AI\KasoBot.json">
      <Filter>config</Filter>
    </None>
  </ItemGroup>
</Project>